
Microsoft Visual Studio Solution File, Format Version 12.00
# Visual Studio Version 16
VisualStudioVersion = 16.0.29926.136
MinimumVisualStudioVersion = 10.0.40219.1
Project("{FAE04EC0-301F-11D3-BF4B-00C04F79EFBC}") = "signOnApi", "signOnApi\signOnApi.csproj", "{84929746-4D1F-4F11-BB29-6BDC9EF8F6B6}"
EndProject
Global
	GlobalSection(SolutionConfigurationPlatforms) = preSolution
		Debug|Any CPU = Debug|Any CPU
		Release|Any CPU = Release|Any CPU
	EndGlobalSection
	GlobalSection(ProjectConfigurationPlatforms) = postSolution
		{84929746-4D1F-4F11-BB29-6BDC9EF8F6B6}.Debug|Any CPU.ActiveCfg = Debug|Any CPU
		{84929746-4D1F-4F11-BB29-6BDC9EF8F6B6}.Debug|Any CPU.Build.0 = Debug|Any CPU
		{84929746-4D1F-4F11-BB29-6BDC9EF8F6B6}.Release|Any CPU.ActiveCfg = Release|Any CPU
		{84929746-4D1F-4F11-BB29-6BDC9EF8F6B6}.Release|Any CPU.Build.0 = Release|Any CPU
	EndGlobalSection
	GlobalSection(SolutionProperties) = preSolution
		HideSolutionNode = FALSE
	EndGlobalSection
	GlobalSection(ExtensibilityGlobals) = postSolution
		SolutionGuid = {D309DFA1-FBC2-4A32-B5C3-DE9CC556299B}
	EndGlobalSection
EndGlobal
